
Microsoft Visual Studio Solution File, Format Version 12.00
# Visual Studio Version 17
VisualStudioVersion = 17.11.35208.52
MinimumVisualStudioVersion = 10.0.40219.1
Project("{9A19103F-16F7-4668-BE54-9A1E7A4F7556}") = "TerrainMap", "TerrainMap\TerrainMap.csproj", "{4B83BA33-6A6A-434A-987A-92ED7D02D9BD}"
EndProject
Project("{9A19103F-16F7-4668-BE54-9A1E7A4F7556}") = "TerrainMap.Test", "TerrainMap.Test\TerrainMap.Test.csproj", "{E7D2D138-3818-4363-A112-919F70E4A367}"
EndProject
Global
	GlobalSection(SolutionConfigurationPlatforms) = preSolution
		Debug|Any CPU = Debug|Any CPU
		Release|Any CPU = Release|Any CPU
	EndGlobalSection
	GlobalSection(ProjectConfigurationPlatforms) = postSolution
		{4B83BA33-6A6A-434A-987A-92ED7D02D9BD}.Debug|Any CPU.ActiveCfg = Debug|Any CPU
		{4B83BA33-6A6A-434A-987A-92ED7D02D9BD}.Debug|Any CPU.Build.0 = Debug|Any CPU
		{4B83BA33-6A6A-434A-987A-92ED7D02D9BD}.Release|Any CPU.ActiveCfg = Release|Any CPU
		{4B83BA33-6A6A-434A-987A-92ED7D02D9BD}.Release|Any CPU.Build.0 = Release|Any CPU
		{E7D2D138-3818-4363-A112-919F70E4A367}.Debug|Any CPU.ActiveCfg = Debug|Any CPU
		{E7D2D138-3818-4363-A112-919F70E4A367}.Debug|Any CPU.Build.0 = Debug|Any CPU
		{E7D2D138-3818-4363-A112-919F70E4A367}.Release|Any CPU.ActiveCfg = Release|Any CPU
		{E7D2D138-3818-4363-A112-919F70E4A367}.Release|Any CPU.Build.0 = Release|Any CPU
	EndGlobalSection
	GlobalSection(SolutionProperties) = preSolution
		HideSolutionNode = FALSE
	EndGlobalSection
	GlobalSection(ExtensibilityGlobals) = postSolution
		SolutionGuid = {533734A9-9C0F-4EA9-A46B-1D9DEC40D39F}
	EndGlobalSection
EndGlobal
